
Microsoft Visual Studio Solution File, Format Version 12.00
# Visual Studio 14
VisualStudioVersion = 14.0.25420.1
MinimumVisualStudioVersion = 10.0.40219.1
Project("{FAE04EC0-301F-11D3-BF4B-00C04F79EFBC}") = "DrumBeatDesigner", "DrumBeatDesigner\DrumBeatDesigner.csproj", "{75A393D5-7F8C-4E18-9631-A56184C853F9}"
EndProject
Project("{FAE04EC0-301F-11D3-BF4B-00C04F79EFBC}") = "DrumBeatDesigner.Test", "DrumBeatDesigner.Test\DrumBeatDesigner.Test.csproj", "{70090CFA-2A68-401E-A7CA-CBD7A2D76142}"
EndProject
Global
	GlobalSection(SolutionConfigurationPlatforms) = preSolution
		Debug|Any CPU = Debug|Any CPU
		Release|Any CPU = Release|Any CPU
	EndGlobalSection
	GlobalSection(ProjectConfigurationPlatforms) = postSolution
		{75A393D5-7F8C-4E18-9631-A56184C853F9}.Debug|Any CPU.ActiveCfg = Debug|Any CPU
		{75A393D5-7F8C-4E18-9631-A56184C853F9}.Debug|Any CPU.Build.0 = Debug|Any CPU
		{75A393D5-7F8C-4E18-9631-A56184C853F9}.Release|Any CPU.ActiveCfg = Release|Any CPU
		{75A393D5-7F8C-4E18-9631-A56184C853F9}.Release|Any CPU.Build.0 = Release|Any CPU
		{70090CFA-2A68-401E-A7CA-CBD7A2D76142}.Debug|Any CPU.ActiveCfg = Debug|Any CPU
		{70090CFA-2A68-401E-A7CA-CBD7A2D76142}.Debug|Any CPU.Build.0 = Debug|Any CPU
		{70090CFA-2A68-401E-A7CA-CBD7A2D76142}.Release|Any CPU.ActiveCfg = Release|Any CPU
		{70090CFA-2A68-401E-A7CA-CBD7A2D76142}.Release|Any CPU.Build.0 = Release|Any CPU
	EndGlobalSection
	GlobalSection(SolutionProperties) = preSolution
		HideSolutionNode = FALSE
	EndGlobalSection
EndGlobal
